
Microsoft Visual Studio Solution File, Format Version 12.00
# Visual Studio 15
VisualStudioVersion = 15.0.28307.902
MinimumVisualStudioVersion = 10.0.40219.1
Project("{8BC9CEB8-8B4A-11D0-8D11-00A0C91BC942}") = "v6b", "v6b.vcxproj", "{6476D34E-FA73-411E-9709-8D9421047E18}"
EndProject
Global
	GlobalSection(SolutionConfigurationPlatforms) = preSolution
		Debug|x86 = Debug|x86
		Release|x86 = Release|x86
	EndGlobalSection
	GlobalSection(ProjectConfigurationPlatforms) = postSolution
		{6476D34E-FA73-411E-9709-8D9421047E18}.Debug|x86.ActiveCfg = Debug|Win32
		{6476D34E-FA73-411E-9709-8D9421047E18}.Debug|x86.Build.0 = Debug|Win32
		{6476D34E-FA73-411E-9709-8D9421047E18}.Release|x86.ActiveCfg = Release|Win32
		{6476D34E-FA73-411E-9709-8D9421047E18}.Release|x86.Build.0 = Release|Win32
	EndGlobalSection
	GlobalSection(SolutionProperties) = preSolution
		HideSolutionNode = FALSE
	EndGlobalSection
	GlobalSection(ExtensibilityGlobals) = postSolution
		SolutionGuid = {FB055DE4-879C-4314-81D2-D9FCEE0F6074}
	EndGlobalSection
EndGlobal
